// !$*UTF8*$!
{
	archiveVersion = 1;
	classes = {
	};
	objectVersion = 46;
	objects = {

/* Begin PBXBuildFile section */
		CEC284151FD5D0B8006ED7CD /* AppDelegate.swift in Sources */ = {isa = PBXBuildFile; fileRef = CEC284141FD5D0B8006ED7CD /* AppDelegate.swift */; };
		CEC284171FD5D0B8006ED7CD /* ViewController.swift in Sources */ = {isa = PBXBuildFile; fileRef = CEC284161FD5D0B8006ED7CD /* ViewController.swift */; };
		CEC284191FD5D0B8006ED7CD /* Assets.xcassets in Resources */ = {isa = PBXBuildFile; fileRef = CEC284181FD5D0B8006ED7CD /* Assets.xcassets */; };
		CEC2841C1FD5D0B8006ED7CD /* Main.storyboard in Resources */ = {isa = PBXBuildFile; fileRef = CEC2841A1FD5D0B8006ED7CD /* Main.storyboard */; };
		CEC284251FD5D30A006ED7CD /* AVFoundation.framework in Frameworks */ = {isa = PBXBuildFile; fileRef = CEC284241FD5D30A006ED7CD /* AVFoundation.framework */; };
		CEC284271FD5DDF2006ED7CD /* MyOpenGLView.swift in Sources */ = {isa = PBXBuildFile; fileRef = CEC284261FD5DDF2006ED7CD /* MyOpenGLView.swift */; };
		CEC284291FD5DE6E006ED7CD /* OpenGL.framework in Frameworks */ = {isa = PBXBuildFile; fileRef = CEC284281FD5DE6E006ED7CD /* OpenGL.framework */; };
		CEC2842B1FD5DFB5006ED7CD /* GLKit.framework in Frameworks */ = {isa = PBXBuildFile; fileRef = CEC2842A1FD5DFB5006ED7CD /* GLKit.framework */; };
		CEC2842D1FD5DFBC006ED7CD /* CoreVideo.framework in Frameworks */ = {isa = PBXBuildFile; fileRef = CEC2842C1FD5DFBC006ED7CD /* CoreVideo.framework */; };
		CEC284301FD5F11A006ED7CD /* Shader.fsh in Resources */ = {isa = PBXBuildFile; fileRef = CEC2842E1FD5F11A006ED7CD /* Shader.fsh */; };
		CEC284311FD5F11A006ED7CD /* Shader.vsh in Resources */ = {isa = PBXBuildFile; fileRef = CEC2842F1FD5F11A006ED7CD /* Shader.vsh */; };
		CEC284341FD68A28006ED7CD /* ShaderProgram.swift in Sources */ = {isa = PBXBuildFile; fileRef = CEC284331FD68A28006ED7CD /* ShaderProgram.swift */; };
/* End PBXBuildFile section */

/* Begin PBXFileReference section */
		CEC284111FD5D0B8006ED7CD /* VideoCapture.app */ = {isa = PBXFileReference; explicitFileType = wrapper.application; includeInIndex = 0; path = VideoCapture.app; sourceTree = BUILT_PRODUCTS_DIR; };
		CEC284141FD5D0B8006ED7CD /* AppDelegate.swift */ = {isa = PBXFileReference; lastKnownFileType = sourcecode.swift; path = AppDelegate.swift; sourceTree = "<group>"; };
		CEC284161FD5D0B8006ED7CD /* ViewController.swift */ = {isa = PBXFileReference; lastKnownFileType = sourcecode.swift; path = ViewController.swift; sourceTree = "<group>"; };
		CEC284181FD5D0B8006ED7CD /* Assets.xcassets */ = {isa = PBXFileReference; lastKnownFileType = folder.assetcatalog; path = Assets.xcassets; sourceTree = "<group>"; };
		CEC2841B1FD5D0B8006ED7CD /* Base */ = {isa = PBXFileReference; lastKnownFileType = file.storyboard; name = Base; path = Base.lproj/Main.storyboard; sourceTree = "<group>"; };
		CEC2841D1FD5D0B8006ED7CD /* Info.plist */ = {isa = PBXFileReference; lastKnownFileType = text.plist.xml; path = Info.plist; sourceTree = "<group>"; };
		CEC284241FD5D30A006ED7CD /* AVFoundation.framework */ = {isa = PBXFileReference; lastKnownFileType = wrapper.framework; name = AVFoundation.framework; path = System/Library/Frameworks/AVFoundation.framework; sourceTree = SDKROOT; };
		CEC284261FD5DDF2006ED7CD /* MyOpenGLView.swift */ = {isa = PBXFileReference; fileEncoding = 4; lastKnownFileType = sourcecode.swift; path = MyOpenGLView.swift; sourceTree = "<group>"; };
		CEC284281FD5DE6E006ED7CD /* OpenGL.framework */ = {isa = PBXFileReference; lastKnownFileType = wrapper.framework; name = OpenGL.framework; path = System/Library/Frameworks/OpenGL.framework; sourceTree = SDKROOT; };
		CEC2842A1FD5DFB5006ED7CD /* GLKit.framework */ = {isa = PBXFileReference; lastKnownFileType = wrapper.framework; name = GLKit.framework; path = System/Library/Frameworks/GLKit.framework; sourceTree = SDKROOT; };
		CEC2842C1FD5DFBC006ED7CD /* CoreVideo.framework */ = {isa = PBXFileReference; lastKnownFileType = wrapper.framework; name = CoreVideo.framework; path = System/Library/Frameworks/CoreVideo.framework; sourceTree = SDKROOT; };
		CEC2842E1FD5F11A006ED7CD /* Shader.fsh */ = {isa = PBXFileReference; fileEncoding = 4; lastKnownFileType = sourcecode.glsl; path = Shader.fsh; sourceTree = "<group>"; };
		CEC2842F1FD5F11A006ED7CD /* Shader.vsh */ = {isa = PBXFileReference; fileEncoding = 4; lastKnownFileType = sourcecode.glsl; path = Shader.vsh; sourceTree = "<group>"; };
		CEC284331FD68A28006ED7CD /* ShaderProgram.swift */ = {isa = PBXFileReference; fileEncoding = 4; lastKnownFileType = sourcecode.swift; path = ShaderProgram.swift; sourceTree = "<group>"; };
/* End PBXFileReference section */

/* Begin PBXFrameworksBuildPhase section */
		CEC2840E1FD5D0B8006ED7CD /* Frameworks */ = {
			isa = PBXFrameworksBuildPhase;
			buildActionMask = 2147483647;
			files = (
				CEC2842D1FD5DFBC006ED7CD /* CoreVideo.framework in Frameworks */,
				CEC2842B1FD5DFB5006ED7CD /* GLKit.framework in Frameworks */,
				CEC284291FD5DE6E006ED7CD /* OpenGL.framework in Frameworks */,
				CEC284251FD5D30A006ED7CD /* AVFoundation.framework in Frameworks */,
			);
			runOnlyForDeploymentPostprocessing = 0;
		};
/* End PBXFrameworksBuildPhase section */

/* Begin PBXGroup section */
		CEC284081FD5D0B8006ED7CD = {
			isa = PBXGroup;
			children = (
				CEC284131FD5D0B8006ED7CD /* VideoCapture */,
				CEC284121FD5D0B8006ED7CD /* Products */,
				CEC284231FD5D30A006ED7CD /* Frameworks */,
			);
			sourceTree = "<group>";
		};
		CEC284121FD5D0B8006ED7CD /* Products */ = {
			isa = PBXGroup;
			children = (
				CEC284111FD5D0B8006ED7CD /* VideoCapture.app */,
			);
			name = Products;
			sourceTree = "<group>";
		};
		CEC284131FD5D0B8006ED7CD /* VideoCapture */ = {
			isa = PBXGroup;
			children = (
				CEC2842E1FD5F11A006ED7CD /* Shader.fsh */,
				CEC2842F1FD5F11A006ED7CD /* Shader.vsh */,
				CEC284141FD5D0B8006ED7CD /* AppDelegate.swift */,
				CEC284161FD5D0B8006ED7CD /* ViewController.swift */,
				CEC284261FD5DDF2006ED7CD /* MyOpenGLView.swift */,
				CEC284331FD68A28006ED7CD /* ShaderProgram.swift */,
				CEC284181FD5D0B8006ED7CD /* Assets.xcassets */,
				CEC2841A1FD5D0B8006ED7CD /* Main.storyboard */,
				CEC2841D1FD5D0B8006ED7CD /* Info.plist */,
			);
			path = VideoCapture;
			sourceTree = "<group>";
		};
		CEC284231FD5D30A006ED7CD /* Frameworks */ = {
			isa = PBXGroup;
			children = (
				CEC2842C1FD5DFBC006ED7CD /* CoreVideo.framework */,
				CEC2842A1FD5DFB5006ED7CD /* GLKit.framework */,
				CEC284281FD5DE6E006ED7CD /* OpenGL.framework */,
				CEC284241FD5D30A006ED7CD /* AVFoundation.framework */,
			);
			name = Frameworks;
			sourceTree = "<group>";
		};
/* End PBXGroup section */

/* Begin PBXNativeTarget section */
		CEC284101FD5D0B8006ED7CD /* VideoCapture */ = {
			isa = PBXNativeTarget;
			buildConfigurationList = CEC284201FD5D0B8006ED7CD /* Build configuration list for PBXNativeTarget "VideoCapture" */;
			buildPhases = (
				CEC2840D1FD5D0B8006ED7CD /* Sources */,
				CEC2840E1FD5D0B8006ED7CD /* Frameworks */,
				CEC2840F1FD5D0B8006ED7CD /* Resources */,
			);
			buildRules = (
			);
			dependencies = (
			);
			name = VideoCapture;
			productName = VideoCapture;
			productReference = CEC284111FD5D0B8006ED7CD /* VideoCapture.app */;
			productType = "com.apple.product-type.application";
		};
/* End PBXNativeTarget section */

/* Begin PBXProject section */
		CEC284091FD5D0B8006ED7CD /* Project object */ = {
			isa = PBXProject;
			attributes = {
				LastSwiftUpdateCheck = 0830;
				LastUpgradeCheck = 0830;
				ORGANIZATIONNAME = peoplecanfly;
				TargetAttributes = {
					CEC284101FD5D0B8006ED7CD = {
						CreatedOnToolsVersion = 8.3.3;
						ProvisioningStyle = Automatic;
					};
				};
			};
			buildConfigurationList = CEC2840C1FD5D0B8006ED7CD /* Build configuration list for PBXProject "VideoCapture" */;
			compatibilityVersion = "Xcode 3.2";
			developmentRegion = English;
			hasScannedForEncodings = 0;
			knownRegions = (
				en,
				Base,
			);
			mainGroup = CEC284081FD5D0B8006ED7CD;
			productRefGroup = CEC284121FD5D0B8006ED7CD /* Products */;
			projectDirPath = "";
			projectRoot = "";
			targets = (
				CEC284101FD5D0B8006ED7CD /* VideoCapture */,
			);
		};
/* End PBXProject section */

/* Begin PBXResourcesBuildPhase section */
		CEC2840F1FD5D0B8006ED7CD /* Resources */ = {
			isa = PBXResourcesBuildPhase;
			buildActionMask = 2147483647;
			files = (
				CEC284311FD5F11A006ED7CD /* Shader.vsh in Resources */,
				CEC284301FD5F11A006ED7CD /* Shader.fsh in Resources */,
				CEC284191FD5D0B8006ED7CD /* Assets.xcassets in Resources */,
				CEC2841C1FD5D0B8006ED7CD /* Main.storyboard in Resources */,
			);
			runOnlyForDeploymentPostprocessing = 0;
		};
/* End PBXResourcesBuildPhase section */

/* Begin PBXSourcesBuildPhase section */
		CEC2840D1FD5D0B8006ED7CD /* Sources */ = {
			isa = PBXSourcesBuildPhase;
			buildActionMask = 2147483647;
			files = (
				CEC284171FD5D0B8006ED7CD /* ViewController.swift in Sources */,
				CEC284341FD68A28006ED7CD /* ShaderProgram.swift in Sources */,
				CEC284151FD5D0B8006ED7CD /* AppDelegate.swift in Sources */,
				CEC284271FD5DDF2006ED7CD /* MyOpenGLView.swift in Sources */,
			);
			runOnlyForDeploymentPostprocessing = 0;
		};
/* End PBXSourcesBuildPhase section */

/* Begin PBXVariantGroup section */
		CEC2841A1FD5D0B8006ED7CD /* Main.storyboard */ = {
			isa = PBXVariantGroup;
			children = (
				CEC2841B1FD5D0B8006ED7CD /* Base */,
			);
			name = Main.storyboard;
			sourceTree = "<group>";
		};
/* End PBXVariantGroup section */

/* Begin XCBuildConfiguration section */
		CEC2841E1FD5D0B8006ED7CD /* Debug */ = {
			isa = XCBuildConfiguration;
			buildSettings = {
				ALWAYS_SEARCH_USER_PATHS = NO;
				CLANG_ANALYZER_NONNULL = YES;
				CLANG_ANALYZER_NUMBER_OBJECT_CONVERSION = YES_AGGRESSIVE;
				CLANG_CXX_LANGUAGE_STANDARD = "gnu++0x";
				CLANG_CXX_LIBRARY = "libc++";
				CLANG_ENABLE_MODULES = YES;
				CLANG_ENABLE_OBJC_ARC = YES;
				CLANG_WARN_BOOL_CONVERSION = YES;
				CLANG_WARN_CONSTANT_CONVERSION = YES;
				CLANG_WARN_DIRECT_OBJC_ISA_USAGE = YES_ERROR;
				CLANG_WARN_DOCUMENTATION_COMMENTS = YES;
				CLANG_WARN_EMPTY_BODY = YES;
				CLANG_WARN_ENUM_CONVERSION = YES;
				CLANG_WARN_INFINITE_RECURSION = YES;
				CLANG_WARN_INT_CONVERSION = YES;
				CLANG_WARN_OBJC_ROOT_CLASS = YES_ERROR;
				CLANG_WARN_SUSPICIOUS_MOVE = YES;
				CLANG_WARN_UNREACHABLE_CODE = YES;
				CLANG_WARN__DUPLICATE_METHOD_MATCH = YES;
				CODE_SIGN_IDENTITY = "-";
				COPY_PHASE_STRIP = NO;
				DEBUG_INFORMATION_FORMAT = dwarf;
				ENABLE_STRICT_OBJC_MSGSEND = YES;
				ENABLE_TESTABILITY = YES;
				GCC_C_LANGUAGE_STANDARD = gnu99;
				GCC_DYNAMIC_NO_PIC = NO;
				GCC_NO_COMMON_BLOCKS = YES;
				GCC_OPTIMIZATION_LEVEL = 0;
				GCC_PREPROCESSOR_DEFINITIONS = (
					"DEBUG=1",
					"$(inherited)",
				);
				GCC_WARN_64_TO_32_BIT_CONVERSION = YES;
				GCC_WARN_ABOUT_RETURN_TYPE = YES_ERROR;
				GCC_WARN_UNDECLARED_SELECTOR = YES;
				GCC_WARN_UNINITIALIZED_AUTOS = YES_AGGRESSIVE;
				GCC_WARN_UNUSED_FUNCTION = YES;
				GCC_WARN_UNUSED_VARIABLE = YES;
				MACOSX_DEPLOYMENT_TARGET = 10.13;
				MTL_ENABLE_DEBUG_INFO = YES;
				ONLY_ACTIVE_ARCH = YES;
				SDKROOT = macosx;
				SWIFT_ACTIVE_COMPILATION_CONDITIONS = DEBUG;
				SWIFT_OPTIMIZATION_LEVEL = "-Onone";
			};
			name = Debug;
		};
		CEC2841F1FD5D0B8006ED7CD /* Release */ = {
			isa = XCBuildConfiguration;
			buildSettings = {
				ALWAYS_SEARCH_USER_PATHS = NO;
				CLANG_ANALYZER_NONNULL = YES;
				CLANG_ANALYZER_NUMBER_OBJECT_CONVERSION = YES_AGGRESSIVE;
				CLANG_CXX_LANGUAGE_STANDARD = "gnu++0x";
				CLANG_CXX_LIBRARY = "libc++";
				CLANG_ENABLE_MODULES = YES;
				CLANG_ENABLE_OBJC_ARC = YES;
				CLANG_WARN_BOOL_CONVERSION = YES;
				CLANG_WARN_CONSTANT_CONVERSION = YES;
				CLANG_WARN_DIRECT_OBJC_ISA_USAGE = YES_ERROR;
				CLANG_WARN_DOCUMENTATION_COMMENTS = YES;
				CLANG_WARN_EMPTY_BODY = YES;
				CLANG_WARN_ENUM_CONVERSION = YES;
				CLANG_WARN_INFINITE_RECURSION = YES;
				CLANG_WARN_INT_CONVERSION = YES;
				CLANG_WARN_OBJC_ROOT_CLASS = YES_ERROR;
				CLANG_WARN_SUSPICIOUS_MOVE = YES;
				CLANG_WARN_UNREACHABLE_CODE = YES;
				CLANG_WARN__DUPLICATE_METHOD_MATCH = YES;
				CODE_SIGN_IDENTITY = "-";
				COPY_PHASE_STRIP = NO;
				DEBUG_INFORMATION_FORMAT = "dwarf-with-dsym";
				ENABLE_NS_ASSERTIONS = NO;
				ENABLE_STRICT_OBJC_MSGSEND = YES;
				GCC_C_LANGUAGE_STANDARD = gnu99;
				GCC_NO_COMMON_BLOCKS = YES;
				GCC_WARN_64_TO_32_BIT_CONVERSION = YES;
				GCC_WARN_ABOUT_RETURN_TYPE = YES_ERROR;
				GCC_WARN_UNDECLARED_SELECTOR = YES;
				GCC_WARN_UNINITIALIZED_AUTOS = YES_AGGRESSIVE;
				GCC_WARN_UNUSED_FUNCTION = YES;
				GCC_WARN_UNUSED_VARIABLE = YES;
				MACOSX_DEPLOYMENT_TARGET = 10.13;
				MTL_ENABLE_DEBUG_INFO = NO;
				SDKROOT = macosx;
				SWIFT_OPTIMIZATION_LEVEL = "-Owholemodule";
			};
			name = Release;
		};
		CEC284211FD5D0B8006ED7CD /* Debug */ = {
			isa = XCBuildConfiguration;
			buildSettings = {
				ASSETCATALOG_COMPILER_APPICON_NAME = AppIcon;
				COMBINE_HIDPI_IMAGES = YES;
				INFOPLIST_FILE = VideoCapture/Info.plist;
				LD_RUNPATH_SEARCH_PATHS = "$(inherited) @executable_path/../Frameworks";
				PRODUCT_BUNDLE_IDENTIFIER = com.peoplecanfly.VideoCapture;
				PRODUCT_NAME = "$(TARGET_NAME)";
				SWIFT_VERSION = 3.0;
			};
			name = Debug;
		};
		CEC284221FD5D0B8006ED7CD /* Release */ = {
			isa = XCBuildConfiguration;
			buildSettings = {
				ASSETCATALOG_COMPILER_APPICON_NAME = AppIcon;
				COMBINE_HIDPI_IMAGES = YES;
				INFOPLIST_FILE = VideoCapture/Info.plist;
				LD_RUNPATH_SEARCH_PATHS = "$(inherited) @executable_path/../Frameworks";
				PRODUCT_BUNDLE_IDENTIFIER = com.peoplecanfly.VideoCapture;
				PRODUCT_NAME = "$(TARGET_NAME)";
				SWIFT_VERSION = 3.0;
			};
			name = Release;
		};
/* End XCBuildConfiguration section */

/* Begin XCConfigurationList section */
		CEC2840C1FD5D0B8006ED7CD /* Build configuration list for PBXProject "VideoCapture" */ = {
			isa = XCConfigurationList;
			buildConfigurations = (
				CEC2841E1FD5D0B8006ED7CD /* Debug */,
				CEC2841F1FD5D0B8006ED7CD /* Release */,
			);
			defaultConfigurationIsVisible = 0;
			defaultConfigurationName = Release;
		};
		CEC284201FD5D0B8006ED7CD /* Build configuration list for PBXNativeTarget "VideoCapture" */ = {
			isa = XCConfigurationList;
			buildConfigurations = (
				CEC284211FD5D0B8006ED7CD /* Debug */,
				CEC284221FD5D0B8006ED7CD /* Release */,
			);
			defaultConfigurationIsVisible = 0;
		};
/* End XCConfigurationList section */
	};
	rootObject = CEC284091FD5D0B8006ED7CD /* Project object */;
}
